
Microsoft Visual Studio Solution File, Format Version 12.00
# Visual Studio Version 17
VisualStudioVersion = 17.5.002.0
MinimumVisualStudioVersion = 10.0.40219.1
Project("{9A19103F-16F7-4668-BE54-9A1E7A4F7556}") = "TCSA.OOP.LibraryManagementSystem", "TCSA.OOP.LibraryManagementSystem.csproj", "{0CB3178C-45B8-4BBF-98AE-3B2AB30FCE56}"
EndProject
Global
	GlobalSection(SolutionConfigurationPlatforms) = preSolution
		Debug|Any CPU = Debug|Any CPU
		Release|Any CPU = Release|Any CPU
	EndGlobalSection
	GlobalSection(ProjectConfigurationPlatforms) = postSolution
		{0CB3178C-45B8-4BBF-98AE-3B2AB30FCE56}.Debug|Any CPU.ActiveCfg = Debug|Any CPU
		{0CB3178C-45B8-4BBF-98AE-3B2AB30FCE56}.Debug|Any CPU.Build.0 = Debug|Any CPU
		{0CB3178C-45B8-4BBF-98AE-3B2AB30FCE56}.Release|Any CPU.ActiveCfg = Release|Any CPU
		{0CB3178C-45B8-4BBF-98AE-3B2AB30FCE56}.Release|Any CPU.Build.0 = Release|Any CPU
	EndGlobalSection
	GlobalSection(SolutionProperties) = preSolution
		HideSolutionNode = FALSE
	EndGlobalSection
	GlobalSection(ExtensibilityGlobals) = postSolution
		SolutionGuid = {75D8C055-4A76-46CF-B9F8-42FA11C44C36}
	EndGlobalSection
EndGlobal
